// !$*UTF8*$!
{
	archiveVersion = 1;
	classes = {
	};
	objectVersion = 56;
	objects = {

/* Begin PBXBuildFile section */
		9C6C68F12975ADF400697A59 /* SuggestedCVCell.swift in Sources */ = {isa = PBXBuildFile; fileRef = 9C6C68F02975ADF400697A59 /* SuggestedCVCell.swift */; };
		9C6C68F42975AF7300697A59 /* HomeViewController.swift in Sources */ = {isa = PBXBuildFile; fileRef = 9C6C68F32975AF7300697A59 /* HomeViewController.swift */; };
		9CC3CA35297A3D9E00CEF3F5 /* DetailMenuVC.swift in Sources */ = {isa = PBXBuildFile; fileRef = 9CC3CA34297A3D9E00CEF3F5 /* DetailMenuVC.swift */; };
		9CC3CA37297B711F00CEF3F5 /* Extensions.swift in Sources */ = {isa = PBXBuildFile; fileRef = 9CC3CA36297B711F00CEF3F5 /* Extensions.swift */; };
		9CC3CA39297C90E400CEF3F5 /* AlertController.swift in Sources */ = {isa = PBXBuildFile; fileRef = 9CC3CA38297C90E400CEF3F5 /* AlertController.swift */; };
		9CC3CA3E297DB8C600CEF3F5 /* CategoryCVCell.swift in Sources */ = {isa = PBXBuildFile; fileRef = 9CC3CA3D297DB8C600CEF3F5 /* CategoryCVCell.swift */; };
		9CC3CA40297DBD2D00CEF3F5 /* CategoryTVC.swift in Sources */ = {isa = PBXBuildFile; fileRef = 9CC3CA3F297DBD2D00CEF3F5 /* CategoryTVC.swift */; };
		9CC3CA42297DC16700CEF3F5 /* Category.swift in Sources */ = {isa = PBXBuildFile; fileRef = 9CC3CA41297DC16700CEF3F5 /* Category.swift */; };
		9CC3CA44297E444A00CEF3F5 /* IRButton.swift in Sources */ = {isa = PBXBuildFile; fileRef = 9CC3CA43297E444A00CEF3F5 /* IRButton.swift */; };
		9CD141E72971D2ED0017E04A /* AppDelegate.swift in Sources */ = {isa = PBXBuildFile; fileRef = 9CD141E62971D2ED0017E04A /* AppDelegate.swift */; };
		9CD141E92971D2ED0017E04A /* SceneDelegate.swift in Sources */ = {isa = PBXBuildFile; fileRef = 9CD141E82971D2ED0017E04A /* SceneDelegate.swift */; };
		9CD141EE2971D2ED0017E04A /* Main.storyboard in Resources */ = {isa = PBXBuildFile; fileRef = 9CD141EC2971D2ED0017E04A /* Main.storyboard */; };
		9CD141F02971D2EF0017E04A /* Assets.xcassets in Resources */ = {isa = PBXBuildFile; fileRef = 9CD141EF2971D2EF0017E04A /* Assets.xcassets */; };
		9CD141F32971D2EF0017E04A /* LaunchScreen.storyboard in Resources */ = {isa = PBXBuildFile; fileRef = 9CD141F12971D2EF0017E04A /* LaunchScreen.storyboard */; };
		9CD141FF2971D5360017E04A /* YelpData.swift in Sources */ = {isa = PBXBuildFile; fileRef = 9CD141FE2971D5360017E04A /* YelpData.swift */; };
		9CD1420229724E810017E04A /* NetworkController.swift in Sources */ = {isa = PBXBuildFile; fileRef = 9CD1420129724E810017E04A /* NetworkController.swift */; };
		9CD14204297250F30017E04A /* ErrorController.swift in Sources */ = {isa = PBXBuildFile; fileRef = 9CD14203297250F30017E04A /* ErrorController.swift */; };
		9CD1420629725D4F0017E04A /* Constants.swift in Sources */ = {isa = PBXBuildFile; fileRef = 9CD1420529725D4F0017E04A /* Constants.swift */; };
/* End PBXBuildFile section */

/* Begin PBXFileReference section */
		9C6C68F02975ADF400697A59 /* SuggestedCVCell.swift */ = {isa = PBXFileReference; lastKnownFileType = sourcecode.swift; path = SuggestedCVCell.swift; sourceTree = "<group>"; };
		9C6C68F32975AF7300697A59 /* HomeViewController.swift */ = {isa = PBXFileReference; lastKnownFileType = sourcecode.swift; path = HomeViewController.swift; sourceTree = "<group>"; };
		9CC3CA34297A3D9E00CEF3F5 /* DetailMenuVC.swift */ = {isa = PBXFileReference; lastKnownFileType = sourcecode.swift; path = DetailMenuVC.swift; sourceTree = "<group>"; };
		9CC3CA36297B711F00CEF3F5 /* Extensions.swift */ = {isa = PBXFileReference; lastKnownFileType = sourcecode.swift; path = Extensions.swift; sourceTree = "<group>"; };
		9CC3CA38297C90E400CEF3F5 /* AlertController.swift */ = {isa = PBXFileReference; lastKnownFileType = sourcecode.swift; path = AlertController.swift; sourceTree = "<group>"; };
		9CC3CA3D297DB8C600CEF3F5 /* CategoryCVCell.swift */ = {isa = PBXFileReference; lastKnownFileType = sourcecode.swift; path = CategoryCVCell.swift; sourceTree = "<group>"; };
		9CC3CA3F297DBD2D00CEF3F5 /* CategoryTVC.swift */ = {isa = PBXFileReference; lastKnownFileType = sourcecode.swift; path = CategoryTVC.swift; sourceTree = "<group>"; };
		9CC3CA41297DC16700CEF3F5 /* Category.swift */ = {isa = PBXFileReference; lastKnownFileType = sourcecode.swift; path = Category.swift; sourceTree = "<group>"; };
		9CC3CA43297E444A00CEF3F5 /* IRButton.swift */ = {isa = PBXFileReference; lastKnownFileType = sourcecode.swift; path = IRButton.swift; sourceTree = "<group>"; };
		9CD141E32971D2ED0017E04A /* Unit 4 Yelp API Project.app */ = {isa = PBXFileReference; explicitFileType = wrapper.application; includeInIndex = 0; path = "Unit 4 Yelp API Project.app"; sourceTree = BUILT_PRODUCTS_DIR; };
		9CD141E62971D2ED0017E04A /* AppDelegate.swift */ = {isa = PBXFileReference; lastKnownFileType = sourcecode.swift; path = AppDelegate.swift; sourceTree = "<group>"; };
		9CD141E82971D2ED0017E04A /* SceneDelegate.swift */ = {isa = PBXFileReference; lastKnownFileType = sourcecode.swift; path = SceneDelegate.swift; sourceTree = "<group>"; };
		9CD141ED2971D2ED0017E04A /* Base */ = {isa = PBXFileReference; lastKnownFileType = file.storyboard; name = Base; path = Base.lproj/Main.storyboard; sourceTree = "<group>"; };
		9CD141EF2971D2EF0017E04A /* Assets.xcassets */ = {isa = PBXFileReference; lastKnownFileType = folder.assetcatalog; path = Assets.xcassets; sourceTree = "<group>"; };
		9CD141F22971D2EF0017E04A /* Base */ = {isa = PBXFileReference; lastKnownFileType = file.storyboard; name = Base; path = Base.lproj/LaunchScreen.storyboard; sourceTree = "<group>"; };
		9CD141F42971D2EF0017E04A /* Info.plist */ = {isa = PBXFileReference; lastKnownFileType = text.plist.xml; path = Info.plist; sourceTree = "<group>"; };
		9CD141FE2971D5360017E04A /* YelpData.swift */ = {isa = PBXFileReference; lastKnownFileType = sourcecode.swift; path = YelpData.swift; sourceTree = "<group>"; };
		9CD1420129724E810017E04A /* NetworkController.swift */ = {isa = PBXFileReference; lastKnownFileType = sourcecode.swift; path = NetworkController.swift; sourceTree = "<group>"; };
		9CD14203297250F30017E04A /* ErrorController.swift */ = {isa = PBXFileReference; lastKnownFileType = sourcecode.swift; path = ErrorController.swift; sourceTree = "<group>"; };
		9CD1420529725D4F0017E04A /* Constants.swift */ = {isa = PBXFileReference; lastKnownFileType = sourcecode.swift; path = Constants.swift; sourceTree = "<group>"; };
/* End PBXFileReference section */

/* Begin PBXFrameworksBuildPhase section */
		9CD141E02971D2ED0017E04A /* Frameworks */ = {
			isa = PBXFrameworksBuildPhase;
			buildActionMask = 2147483647;
			files = (
			);
			runOnlyForDeploymentPostprocessing = 0;
		};
/* End PBXFrameworksBuildPhase section */

/* Begin PBXGroup section */
		9C6C68F22975AF4600697A59 /* View Controllers */ = {
			isa = PBXGroup;
			children = (
				9C6C68F32975AF7300697A59 /* HomeViewController.swift */,
				9CC3CA34297A3D9E00CEF3F5 /* DetailMenuVC.swift */,
				9CC3CA3F297DBD2D00CEF3F5 /* CategoryTVC.swift */,
			);
			path = "View Controllers";
			sourceTree = "<group>";
		};
		9CC3CA3A297DB81100CEF3F5 /* Networking */ = {
			isa = PBXGroup;
			children = (
				9CD1420129724E810017E04A /* NetworkController.swift */,
				9CD14203297250F30017E04A /* ErrorController.swift */,
			);
			path = Networking;
			sourceTree = "<group>";
		};
		9CD141DA2971D2ED0017E04A = {
			isa = PBXGroup;
			children = (
				9CD141E52971D2ED0017E04A /* Unit 4 Yelp API Project */,
				9CD141E42971D2ED0017E04A /* Products */,
			);
			sourceTree = "<group>";
		};
		9CD141E42971D2ED0017E04A /* Products */ = {
			isa = PBXGroup;
			children = (
				9CD141E32971D2ED0017E04A /* Unit 4 Yelp API Project.app */,
			);
			name = Products;
			sourceTree = "<group>";
		};
		9CD141E52971D2ED0017E04A /* Unit 4 Yelp API Project */ = {
			isa = PBXGroup;
			children = (
				9CC3CA3A297DB81100CEF3F5 /* Networking */,
				9CD141FD2971D5090017E04A /* Views */,
				9CD141FC2971D5010017E04A /* Controllers */,
				9CD141FB2971D4F90017E04A /* Model */,
				9CD141FA2971D39F0017E04A /* Resources */,
			);
			path = "Unit 4 Yelp API Project";
			sourceTree = "<group>";
		};
		9CD141FA2971D39F0017E04A /* Resources */ = {
			isa = PBXGroup;
			children = (
				9CD141E62971D2ED0017E04A /* AppDelegate.swift */,
				9CD141E82971D2ED0017E04A /* SceneDelegate.swift */,
				9CD141EF2971D2EF0017E04A /* Assets.xcassets */,
				9CD141F42971D2EF0017E04A /* Info.plist */,
				9CD1420529725D4F0017E04A /* Constants.swift */,
				9CC3CA36297B711F00CEF3F5 /* Extensions.swift */,
				9CC3CA38297C90E400CEF3F5 /* AlertController.swift */,
				9CC3CA43297E444A00CEF3F5 /* IRButton.swift */,
			);
			path = Resources;
			sourceTree = "<group>";
		};
		9CD141FB2971D4F90017E04A /* Model */ = {
			isa = PBXGroup;
			children = (
				9CD141FE2971D5360017E04A /* YelpData.swift */,
				9CC3CA41297DC16700CEF3F5 /* Category.swift */,
			);
			path = Model;
			sourceTree = "<group>";
		};
		9CD141FC2971D5010017E04A /* Controllers */ = {
			isa = PBXGroup;
			children = (
				9C6C68F22975AF4600697A59 /* View Controllers */,
			);
			path = Controllers;
			sourceTree = "<group>";
		};
		9CD141FD2971D5090017E04A /* Views */ = {
			isa = PBXGroup;
			children = (
				9CD141F12971D2EF0017E04A /* LaunchScreen.storyboard */,
				9CD141EC2971D2ED0017E04A /* Main.storyboard */,
				9C6C68F02975ADF400697A59 /* SuggestedCVCell.swift */,
				9CC3CA3D297DB8C600CEF3F5 /* CategoryCVCell.swift */,
			);
			path = Views;
			sourceTree = "<group>";
		};
/* End PBXGroup section */

/* Begin PBXNativeTarget section */
		9CD141E22971D2ED0017E04A /* Unit 4 Yelp API Project */ = {
			isa = PBXNativeTarget;
			buildConfigurationList = 9CD141F72971D2EF0017E04A /* Build configuration list for PBXNativeTarget "Unit 4 Yelp API Project" */;
			buildPhases = (
				9CD141DF2971D2ED0017E04A /* Sources */,
				9CD141E02971D2ED0017E04A /* Frameworks */,
				9CD141E12971D2ED0017E04A /* Resources */,
			);
			buildRules = (
			);
			dependencies = (
			);
			name = "Unit 4 Yelp API Project";
			productName = "Unit 4 Yelp API Project";
			productReference = 9CD141E32971D2ED0017E04A /* Unit 4 Yelp API Project.app */;
			productType = "com.apple.product-type.application";
		};
/* End PBXNativeTarget section */

/* Begin PBXProject section */
		9CD141DB2971D2ED0017E04A /* Project object */ = {
			isa = PBXProject;
			attributes = {
				BuildIndependentTargetsInParallel = 1;
				LastSwiftUpdateCheck = 1420;
				LastUpgradeCheck = 1420;
				TargetAttributes = {
					9CD141E22971D2ED0017E04A = {
						CreatedOnToolsVersion = 14.2;
					};
				};
			};
			buildConfigurationList = 9CD141DE2971D2ED0017E04A /* Build configuration list for PBXProject "Unit 4 Yelp API Project" */;
			compatibilityVersion = "Xcode 14.0";
			developmentRegion = en;
			hasScannedForEncodings = 0;
			knownRegions = (
				en,
				Base,
			);
			mainGroup = 9CD141DA2971D2ED0017E04A;
			productRefGroup = 9CD141E42971D2ED0017E04A /* Products */;
			projectDirPath = "";
			projectRoot = "";
			targets = (
				9CD141E22971D2ED0017E04A /* Unit 4 Yelp API Project */,
			);
		};
/* End PBXProject section */

/* Begin PBXResourcesBuildPhase section */
		9CD141E12971D2ED0017E04A /* Resources */ = {
			isa = PBXResourcesBuildPhase;
			buildActionMask = 2147483647;
			files = (
				9CD141F32971D2EF0017E04A /* LaunchScreen.storyboard in Resources */,
				9CD141F02971D2EF0017E04A /* Assets.xcassets in Resources */,
				9CD141EE2971D2ED0017E04A /* Main.storyboard in Resources */,
			);
			runOnlyForDeploymentPostprocessing = 0;
		};
/* End PBXResourcesBuildPhase section */

/* Begin PBXSourcesBuildPhase section */
		9CD141DF2971D2ED0017E04A /* Sources */ = {
			isa = PBXSourcesBuildPhase;
			buildActionMask = 2147483647;
			files = (
				9CD1420229724E810017E04A /* NetworkController.swift in Sources */,
				9CD14204297250F30017E04A /* ErrorController.swift in Sources */,
				9CD141FF2971D5360017E04A /* YelpData.swift in Sources */,
				9C6C68F42975AF7300697A59 /* HomeViewController.swift in Sources */,
				9C6C68F12975ADF400697A59 /* SuggestedCVCell.swift in Sources */,
				9CC3CA44297E444A00CEF3F5 /* IRButton.swift in Sources */,
				9CC3CA37297B711F00CEF3F5 /* Extensions.swift in Sources */,
				9CC3CA3E297DB8C600CEF3F5 /* CategoryCVCell.swift in Sources */,
				9CD1420629725D4F0017E04A /* Constants.swift in Sources */,
				9CC3CA35297A3D9E00CEF3F5 /* DetailMenuVC.swift in Sources */,
				9CC3CA39297C90E400CEF3F5 /* AlertController.swift in Sources */,
				9CD141E72971D2ED0017E04A /* AppDelegate.swift in Sources */,
				9CC3CA40297DBD2D00CEF3F5 /* CategoryTVC.swift in Sources */,
				9CD141E92971D2ED0017E04A /* SceneDelegate.swift in Sources */,
				9CC3CA42297DC16700CEF3F5 /* Category.swift in Sources */,
			);
			runOnlyForDeploymentPostprocessing = 0;
		};
/* End PBXSourcesBuildPhase section */

/* Begin PBXVariantGroup section */
		9CD141EC2971D2ED0017E04A /* Main.storyboard */ = {
			isa = PBXVariantGroup;
			children = (
				9CD141ED2971D2ED0017E04A /* Base */,
			);
			name = Main.storyboard;
			sourceTree = "<group>";
		};
		9CD141F12971D2EF0017E04A /* LaunchScreen.storyboard */ = {
			isa = PBXVariantGroup;
			children = (
				9CD141F22971D2EF0017E04A /* Base */,
			);
			name = LaunchScreen.storyboard;
			sourceTree = "<group>";
		};
/* End PBXVariantGroup section */

/* Begin XCBuildConfiguration section */
		9CD141F52971D2EF0017E04A /* Debug */ = {
			isa = XCBuildConfiguration;
			buildSettings = {
				ALWAYS_SEARCH_USER_PATHS = NO;
				CLANG_ANALYZER_NONNULL = YES;
				CLANG_ANALYZER_NUMBER_OBJECT_CONVERSION = YES_AGGRESSIVE;
				CLANG_CXX_LANGUAGE_STANDARD = "gnu++20";
				CLANG_ENABLE_MODULES = YES;
				CLANG_ENABLE_OBJC_ARC = YES;
				CLANG_ENABLE_OBJC_WEAK = YES;
				CLANG_WARN_BLOCK_CAPTURE_AUTORELEASING = YES;
				CLANG_WARN_BOOL_CONVERSION = YES;
				CLANG_WARN_COMMA = YES;
				CLANG_WARN_CONSTANT_CONVERSION = YES;
				CLANG_WARN_DEPRECATED_OBJC_IMPLEMENTATIONS = YES;
				CLANG_WARN_DIRECT_OBJC_ISA_USAGE = YES_ERROR;
				CLANG_WARN_DOCUMENTATION_COMMENTS = YES;
				CLANG_WARN_EMPTY_BODY = YES;
				CLANG_WARN_ENUM_CONVERSION = YES;
				CLANG_WARN_INFINITE_RECURSION = YES;
				CLANG_WARN_INT_CONVERSION = YES;
				CLANG_WARN_NON_LITERAL_NULL_CONVERSION = YES;
				CLANG_WARN_OBJC_IMPLICIT_RETAIN_SELF = YES;
				CLANG_WARN_OBJC_LITERAL_CONVERSION = YES;
				CLANG_WARN_OBJC_ROOT_CLASS = YES_ERROR;
				CLANG_WARN_QUOTED_INCLUDE_IN_FRAMEWORK_HEADER = YES;
				CLANG_WARN_RANGE_LOOP_ANALYSIS = YES;
				CLANG_WARN_STRICT_PROTOTYPES = YES;
				CLANG_WARN_SUSPICIOUS_MOVE = YES;
				CLANG_WARN_UNGUARDED_AVAILABILITY = YES_AGGRESSIVE;
				CLANG_WARN_UNREACHABLE_CODE = YES;
				CLANG_WARN__DUPLICATE_METHOD_MATCH = YES;
				COPY_PHASE_STRIP = NO;
				DEBUG_INFORMATION_FORMAT = dwarf;
				ENABLE_STRICT_OBJC_MSGSEND = YES;
				ENABLE_TESTABILITY = YES;
				GCC_C_LANGUAGE_STANDARD = gnu11;
				GCC_DYNAMIC_NO_PIC = NO;
				GCC_NO_COMMON_BLOCKS = YES;
				GCC_OPTIMIZATION_LEVEL = 0;
				GCC_PREPROCESSOR_DEFINITIONS = (
					"DEBUG=1",
					"$(inherited)",
				);
				GCC_WARN_64_TO_32_BIT_CONVERSION = YES;
				GCC_WARN_ABOUT_RETURN_TYPE = YES_ERROR;
				GCC_WARN_UNDECLARED_SELECTOR = YES;
				GCC_WARN_UNINITIALIZED_AUTOS = YES_AGGRESSIVE;
				GCC_WARN_UNUSED_FUNCTION = YES;
				GCC_WARN_UNUSED_VARIABLE = YES;
				IPHONEOS_DEPLOYMENT_TARGET = 16.2;
				MTL_ENABLE_DEBUG_INFO = INCLUDE_SOURCE;
				MTL_FAST_MATH = YES;
				ONLY_ACTIVE_ARCH = YES;
				SDKROOT = iphoneos;
				SWIFT_ACTIVE_COMPILATION_CONDITIONS = DEBUG;
				SWIFT_OPTIMIZATION_LEVEL = "-Onone";
			};
			name = Debug;
		};
		9CD141F62971D2EF0017E04A /* Release */ = {
			isa = XCBuildConfiguration;
			buildSettings = {
				ALWAYS_SEARCH_USER_PATHS = NO;
				CLANG_ANALYZER_NONNULL = YES;
				CLANG_ANALYZER_NUMBER_OBJECT_CONVERSION = YES_AGGRESSIVE;
				CLANG_CXX_LANGUAGE_STANDARD = "gnu++20";
				CLANG_ENABLE_MODULES = YES;
				CLANG_ENABLE_OBJC_ARC = YES;
				CLANG_ENABLE_OBJC_WEAK = YES;
				CLANG_WARN_BLOCK_CAPTURE_AUTORELEASING = YES;
				CLANG_WARN_BOOL_CONVERSION = YES;
				CLANG_WARN_COMMA = YES;
				CLANG_WARN_CONSTANT_CONVERSION = YES;
				CLANG_WARN_DEPRECATED_OBJC_IMPLEMENTATIONS = YES;
				CLANG_WARN_DIRECT_OBJC_ISA_USAGE = YES_ERROR;
				CLANG_WARN_DOCUMENTATION_COMMENTS = YES;
				CLANG_WARN_EMPTY_BODY = YES;
				CLANG_WARN_ENUM_CONVERSION = YES;
				CLANG_WARN_INFINITE_RECURSION = YES;
				CLANG_WARN_INT_CONVERSION = YES;
				CLANG_WARN_NON_LITERAL_NULL_CONVERSION = YES;
				CLANG_WARN_OBJC_IMPLICIT_RETAIN_SELF = YES;
				CLANG_WARN_OBJC_LITERAL_CONVERSION = YES;
				CLANG_WARN_OBJC_ROOT_CLASS = YES_ERROR;
				CLANG_WARN_QUOTED_INCLUDE_IN_FRAMEWORK_HEADER = YES;
				CLANG_WARN_RANGE_LOOP_ANALYSIS = YES;
				CLANG_WARN_STRICT_PROTOTYPES = YES;
				CLANG_WARN_SUSPICIOUS_MOVE = YES;
				CLANG_WARN_UNGUARDED_AVAILABILITY = YES_AGGRESSIVE;
				CLANG_WARN_UNREACHABLE_CODE = YES;
				CLANG_WARN__DUPLICATE_METHOD_MATCH = YES;
				COPY_PHASE_STRIP = NO;
				DEBUG_INFORMATION_FORMAT = "dwarf-with-dsym";
				ENABLE_NS_ASSERTIONS = NO;
				ENABLE_STRICT_OBJC_MSGSEND = YES;
				GCC_C_LANGUAGE_STANDARD = gnu11;
				GCC_NO_COMMON_BLOCKS = YES;
				GCC_WARN_64_TO_32_BIT_CONVERSION = YES;
				GCC_WARN_ABOUT_RETURN_TYPE = YES_ERROR;
				GCC_WARN_UNDECLARED_SELECTOR = YES;
				GCC_WARN_UNINITIALIZED_AUTOS = YES_AGGRESSIVE;
				GCC_WARN_UNUSED_FUNCTION = YES;
				GCC_WARN_UNUSED_VARIABLE = YES;
				IPHONEOS_DEPLOYMENT_TARGET = 16.2;
				MTL_ENABLE_DEBUG_INFO = NO;
				MTL_FAST_MATH = YES;
				SDKROOT = iphoneos;
				SWIFT_COMPILATION_MODE = wholemodule;
				SWIFT_OPTIMIZATION_LEVEL = "-O";
				VALIDATE_PRODUCT = YES;
			};
			name = Release;
		};
		9CD141F82971D2EF0017E04A /* Debug */ = {
			isa = XCBuildConfiguration;
			buildSettings = {
				ASSETCATALOG_COMPILER_APPICON_NAME = AppIcon;
				ASSETCATALOG_COMPILER_GLOBAL_ACCENT_COLOR_NAME = AccentColor;
				CODE_SIGN_STYLE = Automatic;
				CURRENT_PROJECT_VERSION = 1;
				DEVELOPMENT_TEAM = GBG5422KCQ;
				GENERATE_INFOPLIST_FILE = YES;
				INFOPLIST_FILE = "Unit 4 Yelp API Project/Resources/Info.plist";
				INFOPLIST_KEY_UIApplicationSupportsIndirectInputEvents = YES;
				INFOPLIST_KEY_UILaunchStoryboardName = LaunchScreen;
				INFOPLIST_KEY_UIMainStoryboardFile = Main;
				INFOPLIST_KEY_UISupportedInterfaceOrientations_iPad = "UIInterfaceOrientationPortrait UIInterfaceOrientationPortraitUpsideDown UIInterfaceOrientationLandscapeLeft UIInterfaceOrientationLandscapeRight";
				INFOPLIST_KEY_UISupportedInterfaceOrientations_iPhone = "UIInterfaceOrientationPortrait UIInterfaceOrientationLandscapeLeft UIInterfaceOrientationLandscapeRight";
				LD_RUNPATH_SEARCH_PATHS = (
					"$(inherited)",
					"@executable_path/Frameworks",
				);
				MARKETING_VERSION = 1.0;
				PRODUCT_BUNDLE_IDENTIFIER = "HYMS.Unit-4-Yelp-API-Project";
				PRODUCT_NAME = "$(TARGET_NAME)";
				SWIFT_EMIT_LOC_STRINGS = YES;
				SWIFT_VERSION = 5.0;
				TARGETED_DEVICE_FAMILY = "1,2";
			};
			name = Debug;
		};
		9CD141F92971D2EF0017E04A /* Release */ = {
			isa = XCBuildConfiguration;
			buildSettings = {
				ASSETCATALOG_COMPILER_APPICON_NAME = AppIcon;
				ASSETCATALOG_COMPILER_GLOBAL_ACCENT_COLOR_NAME = AccentColor;
				CODE_SIGN_STYLE = Automatic;
				CURRENT_PROJECT_VERSION = 1;
				DEVELOPMENT_TEAM = GBG5422KCQ;
				GENERATE_INFOPLIST_FILE = YES;
				INFOPLIST_FILE = "Unit 4 Yelp API Project/Resources/Info.plist";
				INFOPLIST_KEY_UIApplicationSupportsIndirectInputEvents = YES;
				INFOPLIST_KEY_UILaunchStoryboardName = LaunchScreen;
				INFOPLIST_KEY_UIMainStoryboardFile = Main;
				INFOPLIST_KEY_UISupportedInterfaceOrientations_iPad = "UIInterfaceOrientationPortrait UIInterfaceOrientationPortraitUpsideDown UIInterfaceOrientationLandscapeLeft UIInterfaceOrientationLandscapeRight";
				INFOPLIST_KEY_UISupportedInterfaceOrientations_iPhone = "UIInterfaceOrientationPortrait UIInterfaceOrientationLandscapeLeft UIInterfaceOrientationLandscapeRight";
				LD_RUNPATH_SEARCH_PATHS = (
					"$(inherited)",
					"@executable_path/Frameworks",
				);
				MARKETING_VERSION = 1.0;
				PRODUCT_BUNDLE_IDENTIFIER = "HYMS.Unit-4-Yelp-API-Project";
				PRODUCT_NAME = "$(TARGET_NAME)";
				SWIFT_EMIT_LOC_STRINGS = YES;
				SWIFT_VERSION = 5.0;
				TARGETED_DEVICE_FAMILY = "1,2";
			};
			name = Release;
		};
/* End XCBuildConfiguration section */

/* Begin XCConfigurationList section */
		9CD141DE2971D2ED0017E04A /* Build configuration list for PBXProject "Unit 4 Yelp API Project" */ = {
			isa = XCConfigurationList;
			buildConfigurations = (
				9CD141F52971D2EF0017E04A /* Debug */,
				9CD141F62971D2EF0017E04A /* Release */,
			);
			defaultConfigurationIsVisible = 0;
			defaultConfigurationName = Release;
		};
		9CD141F72971D2EF0017E04A /* Build configuration list for PBXNativeTarget "Unit 4 Yelp API Project" */ = {
			isa = XCConfigurationList;
			buildConfigurations = (
				9CD141F82971D2EF0017E04A /* Debug */,
				9CD141F92971D2EF0017E04A /* Release */,
			);
			defaultConfigurationIsVisible = 0;
			defaultConfigurationName = Release;
		};
/* End XCConfigurationList section */
	};
	rootObject = 9CD141DB2971D2ED0017E04A /* Project object */;
}
